id: ysf2_fich_source_b
label: FICH Source
category: '[YSF2]'
templates:
  imports: from gnuradio import ysf2
  make: ysf2.fich_source_b(${data_type}, ${narrowband}, ${squelch})
parameters:
- id: data_type
  label: Data_type
  dtype: int
- id: narrowband
  label: Narrowband
  dtype: int
- id: squelch
  label: Squelch
  dtype: int
outputs:
- label: out
  domain: stream
  dtype: byte
file_format: 1
