id: ysf2_dch_errors_bb
label: DCH Errors
category: '[YSF2]'
templates:
  imports: import ysf2
  make: ysf2.dch_errors_bb(${callsign})
parameters:
- id: callsign
  label: Callsign
  dtype: string
inputs:
- label: in
  domain: stream
  dtype: byte
outputs:
- label: out
  domain: stream
  dtype: byte
file_format: 1
